
Microsoft Visual Studio Solution File, Format Version 12.00
# Visual Studio Version 16
VisualStudioVersion = 16.0.29001.49
MinimumVisualStudioVersion = 10.0.40219.1
Project("{FAE04EC0-301F-11D3-BF4B-00C04F79EFBC}") = "AspNetCore.Mvc.Jwt.WebApi", "AspNetCore.Mvc.Jwt.WebApi\AspNetCore.Mvc.Jwt.WebApi.csproj", "{7D07184B-4121-4FF6-9B83-C75BA9C91F6B}"
EndProject
Global
	GlobalSection(SolutionConfigurationPlatforms) = preSolution
		Debug|Any CPU = Debug|Any CPU
		Release|Any CPU = Release|Any CPU
	EndGlobalSection
	GlobalSection(ProjectConfigurationPlatforms) = postSolution
		{7D07184B-4121-4FF6-9B83-C75BA9C91F6B}.Debug|Any CPU.ActiveCfg = Debug|Any CPU
		{7D07184B-4121-4FF6-9B83-C75BA9C91F6B}.Debug|Any CPU.Build.0 = Debug|Any CPU
		{7D07184B-4121-4FF6-9B83-C75BA9C91F6B}.Release|Any CPU.ActiveCfg = Release|Any CPU
		{7D07184B-4121-4FF6-9B83-C75BA9C91F6B}.Release|Any CPU.Build.0 = Release|Any CPU
	EndGlobalSection
	GlobalSection(SolutionProperties) = preSolution
		HideSolutionNode = FALSE
	EndGlobalSection
	GlobalSection(ExtensibilityGlobals) = postSolution
		SolutionGuid = {5DB85221-475F-4051-B3FE-831DD59366D6}
	EndGlobalSection
EndGlobal
